{
  "name": "ng-niruchart",
  "version": "0.0.23",
  "lockfileVersion": 1,
  "requires": true,
  "dependencies": {
    "nidhajs": {
      "version": "1.0.31",
      "resolved": "https://registry.npmjs.org/nidhajs/-/nidhajs-1.0.31.tgz",
      "integrity": "sha512-AgOVarunhbwuQkI3zKqHJno6XwD8sQuLU8cYIYy5lYBGch0ofLbxWuwLP+2NoHO84ecEDa8zxqjC9ustIXHIkA=="
    },
    "niruchart": {
      "version": "1.0.9",
      "resolved": "https://registry.npmjs.org/niruchart/-/niruchart-1.0.9.tgz",
      "integrity": "sha512-G/ebKRt2xggs4MX9ghowbUk6G5tQSZWcs6JjvO4qcw3jrBIUbWQf6pPrieIRTssWrViVDYHIUwJaRGV4BCMifA==",
      "requires": {
        "nidhajs": "^1.0.29"
      }
    }
  }
}
